
Microsoft Visual Studio Solution File, Format Version 12.00
# Visual Studio 14
VisualStudioVersion = 14.0.25420.1
MinimumVisualStudioVersion = 10.0.40219.1
Project("{2150E333-8FDC-42A3-9474-1A3956D46DE8}") = "DataLayer", "DataLayer", "{556545EC-C7A0-4793-96DD-368287DC9142}"
EndProject
Project("{2150E333-8FDC-42A3-9474-1A3956D46DE8}") = "LogicUnit", "LogicUnit", "{BB947047-C1C6-404E-AD26-452C26D57501}"
EndProject
Project("{2150E333-8FDC-42A3-9474-1A3956D46DE8}") = "Shared", "Shared", "{87B03CCA-5AD8-4E2B-98A0-E6F5DA8F7047}"
EndProject
Project("{2150E333-8FDC-42A3-9474-1A3956D46DE8}") = "Services", "Services", "{B4530BA5-3EFB-48F6-B764-822EED7DA11D}"
EndProject
Project("{2150E333-8FDC-42A3-9474-1A3956D46DE8}") = "CodeMapModel", "CodeMapModel", "{BA1736B5-F710-4428-97C7-73B2D9CF944D}"
EndProject
Project("{FAE04EC0-301F-11D3-BF4B-00C04F79EFBC}") = "DataManager(archiv)", "DataManager\DataManager(archiv).csproj", "{89A3E98E-112F-4CEC-B9EB-8730BBAA3CB7}"
EndProject
Project("{FAE04EC0-301F-11D3-BF4B-00C04F79EFBC}") = "BackendHandler", "BackendHandler\BackendHandler.csproj", "{75D08CA0-28E9-4EB8-A604-D078F94F4C0C}"
EndProject
Project("{FAE04EC0-301F-11D3-BF4B-00C04F79EFBC}") = "FrontendHandler", "FrontendHandler\FrontendHandler.csproj", "{856BCD3D-71D4-4E20-9C41-8847D696366A}"
EndProject
Project("{FAE04EC0-301F-11D3-BF4B-00C04F79EFBC}") = "AppHandler", "AppHandler\AppHandler.csproj", "{5A5A7CBA-B579-43CC-84F4-455A6B1F601E}"
EndProject
Project("{FAE04EC0-301F-11D3-BF4B-00C04F79EFBC}") = "DummyGenerator", "DummyGenerator\DummyGenerator.csproj", "{0BB85766-FED4-49EB-9F17-9B86DE93BDB4}"
EndProject
Project("{FAE04EC0-301F-11D3-BF4B-00C04F79EFBC}") = "SharedDataTypes", "SharedDataTypes\SharedDataTypes.csproj", "{FA03A1B3-B0FD-45DA-A08A-76ED7D25DB97}"
EndProject
Project("{FAE04EC0-301F-11D3-BF4B-00C04F79EFBC}") = "DataManagement", "DataManagement\DataManagement.csproj", "{30A59313-6B7F-434D-A791-C49848350282}"
EndProject
Project("{FAE04EC0-301F-11D3-BF4B-00C04F79EFBC}") = "AppSD", "AppSD\AppSD.csproj", "{63A0AD37-F609-41C0-88B0-E8FFE026A31C}"
EndProject
Project("{FAE04EC0-301F-11D3-BF4B-00C04F79EFBC}") = "AppServiceHost", "AppServiceHost\AppServiceHost.csproj", "{7A20E7F4-B7EB-4A21-9DE3-947B4B8F3668}"
EndProject
Global
	GlobalSection(SolutionConfigurationPlatforms) = preSolution
		Debug|Any CPU = Debug|Any CPU
		Release|Any CPU = Release|Any CPU
	EndGlobalSection
	GlobalSection(ProjectConfigurationPlatforms) = postSolution
		{89A3E98E-112F-4CEC-B9EB-8730BBAA3CB7}.Debug|Any CPU.ActiveCfg = Debug|Any CPU
		{89A3E98E-112F-4CEC-B9EB-8730BBAA3CB7}.Debug|Any CPU.Build.0 = Debug|Any CPU
		{89A3E98E-112F-4CEC-B9EB-8730BBAA3CB7}.Release|Any CPU.ActiveCfg = Release|Any CPU
		{89A3E98E-112F-4CEC-B9EB-8730BBAA3CB7}.Release|Any CPU.Build.0 = Release|Any CPU
		{75D08CA0-28E9-4EB8-A604-D078F94F4C0C}.Debug|Any CPU.ActiveCfg = Debug|Any CPU
		{75D08CA0-28E9-4EB8-A604-D078F94F4C0C}.Debug|Any CPU.Build.0 = Debug|Any CPU
		{75D08CA0-28E9-4EB8-A604-D078F94F4C0C}.Release|Any CPU.ActiveCfg = Release|Any CPU
		{75D08CA0-28E9-4EB8-A604-D078F94F4C0C}.Release|Any CPU.Build.0 = Release|Any CPU
		{856BCD3D-71D4-4E20-9C41-8847D696366A}.Debug|Any CPU.ActiveCfg = Debug|Any CPU
		{856BCD3D-71D4-4E20-9C41-8847D696366A}.Debug|Any CPU.Build.0 = Debug|Any CPU
		{856BCD3D-71D4-4E20-9C41-8847D696366A}.Release|Any CPU.ActiveCfg = Release|Any CPU
		{856BCD3D-71D4-4E20-9C41-8847D696366A}.Release|Any CPU.Build.0 = Release|Any CPU
		{5A5A7CBA-B579-43CC-84F4-455A6B1F601E}.Debug|Any CPU.ActiveCfg = Debug|Any CPU
		{5A5A7CBA-B579-43CC-84F4-455A6B1F601E}.Debug|Any CPU.Build.0 = Debug|Any CPU
		{5A5A7CBA-B579-43CC-84F4-455A6B1F601E}.Release|Any CPU.ActiveCfg = Release|Any CPU
		{5A5A7CBA-B579-43CC-84F4-455A6B1F601E}.Release|Any CPU.Build.0 = Release|Any CPU
		{0BB85766-FED4-49EB-9F17-9B86DE93BDB4}.Debug|Any CPU.ActiveCfg = Debug|Any CPU
		{0BB85766-FED4-49EB-9F17-9B86DE93BDB4}.Debug|Any CPU.Build.0 = Debug|Any CPU
		{0BB85766-FED4-49EB-9F17-9B86DE93BDB4}.Release|Any CPU.ActiveCfg = Release|Any CPU
		{0BB85766-FED4-49EB-9F17-9B86DE93BDB4}.Release|Any CPU.Build.0 = Release|Any CPU
		{FA03A1B3-B0FD-45DA-A08A-76ED7D25DB97}.Debug|Any CPU.ActiveCfg = Debug|Any CPU
		{FA03A1B3-B0FD-45DA-A08A-76ED7D25DB97}.Debug|Any CPU.Build.0 = Debug|Any CPU
		{FA03A1B3-B0FD-45DA-A08A-76ED7D25DB97}.Release|Any CPU.ActiveCfg = Release|Any CPU
		{FA03A1B3-B0FD-45DA-A08A-76ED7D25DB97}.Release|Any CPU.Build.0 = Release|Any CPU
		{30A59313-6B7F-434D-A791-C49848350282}.Debug|Any CPU.ActiveCfg = Debug|Any CPU
		{30A59313-6B7F-434D-A791-C49848350282}.Debug|Any CPU.Build.0 = Debug|Any CPU
		{30A59313-6B7F-434D-A791-C49848350282}.Release|Any CPU.ActiveCfg = Release|Any CPU
		{30A59313-6B7F-434D-A791-C49848350282}.Release|Any CPU.Build.0 = Release|Any CPU
		{63A0AD37-F609-41C0-88B0-E8FFE026A31C}.Debug|Any CPU.ActiveCfg = Debug|Any CPU
		{63A0AD37-F609-41C0-88B0-E8FFE026A31C}.Debug|Any CPU.Build.0 = Debug|Any CPU
		{63A0AD37-F609-41C0-88B0-E8FFE026A31C}.Release|Any CPU.ActiveCfg = Release|Any CPU
		{63A0AD37-F609-41C0-88B0-E8FFE026A31C}.Release|Any CPU.Build.0 = Release|Any CPU
		{7A20E7F4-B7EB-4A21-9DE3-947B4B8F3668}.Debug|Any CPU.ActiveCfg = Debug|Any CPU
		{7A20E7F4-B7EB-4A21-9DE3-947B4B8F3668}.Debug|Any CPU.Build.0 = Debug|Any CPU
		{7A20E7F4-B7EB-4A21-9DE3-947B4B8F3668}.Release|Any CPU.ActiveCfg = Release|Any CPU
		{7A20E7F4-B7EB-4A21-9DE3-947B4B8F3668}.Release|Any CPU.Build.0 = Release|Any CPU
	EndGlobalSection
	GlobalSection(SolutionProperties) = preSolution
		HideSolutionNode = FALSE
	EndGlobalSection
	GlobalSection(NestedProjects) = preSolution
		{89A3E98E-112F-4CEC-B9EB-8730BBAA3CB7} = {556545EC-C7A0-4793-96DD-368287DC9142}
		{75D08CA0-28E9-4EB8-A604-D078F94F4C0C} = {BB947047-C1C6-404E-AD26-452C26D57501}
		{856BCD3D-71D4-4E20-9C41-8847D696366A} = {BB947047-C1C6-404E-AD26-452C26D57501}
		{5A5A7CBA-B579-43CC-84F4-455A6B1F601E} = {BB947047-C1C6-404E-AD26-452C26D57501}
		{0BB85766-FED4-49EB-9F17-9B86DE93BDB4} = {87B03CCA-5AD8-4E2B-98A0-E6F5DA8F7047}
		{FA03A1B3-B0FD-45DA-A08A-76ED7D25DB97} = {87B03CCA-5AD8-4E2B-98A0-E6F5DA8F7047}
		{30A59313-6B7F-434D-A791-C49848350282} = {556545EC-C7A0-4793-96DD-368287DC9142}
		{63A0AD37-F609-41C0-88B0-E8FFE026A31C} = {B4530BA5-3EFB-48F6-B764-822EED7DA11D}
		{7A20E7F4-B7EB-4A21-9DE3-947B4B8F3668} = {B4530BA5-3EFB-48F6-B764-822EED7DA11D}
	EndGlobalSection
	GlobalSection(ExtensibilityGlobals) = postSolution
		SolutionGuid = {255AC289-5077-4B4E-8104-8EEFAFFF981B}
	EndGlobalSection
EndGlobal
