
Microsoft Visual Studio Solution File, Format Version 12.00
# Visual Studio 15
VisualStudioVersion = 15.0.27703.2000
MinimumVisualStudioVersion = 10.0.40219.1
Project("{2150E333-8FDC-42A3-9474-1A3956D46DE8}") = "DataLayer", "DataLayer", "{556545EC-C7A0-4793-96DD-368287DC9142}"
EndProject
Project("{2150E333-8FDC-42A3-9474-1A3956D46DE8}") = "LogicUnit", "LogicUnit", "{BB947047-C1C6-404E-AD26-452C26D57501}"
EndProject
Project("{2150E333-8FDC-42A3-9474-1A3956D46DE8}") = "Shared", "Shared", "{87B03CCA-5AD8-4E2B-98A0-E6F5DA8F7047}"
EndProject
Project("{2150E333-8FDC-42A3-9474-1A3956D46DE8}") = "Services", "Services", "{B4530BA5-3EFB-48F6-B764-822EED7DA11D}"
EndProject
Project("{FAE04EC0-301F-11D3-BF4B-00C04F79EFBC}") = "DBHandler", "AppHandler\DBHandler.csproj", "{5A5A7CBA-B579-43CC-84F4-455A6B1F601E}"
EndProject
Project("{FAE04EC0-301F-11D3-BF4B-00C04F79EFBC}") = "DummyGenerator", "DummyGenerator\DummyGenerator.csproj", "{0BB85766-FED4-49EB-9F17-9B86DE93BDB4}"
EndProject
Project("{FAE04EC0-301F-11D3-BF4B-00C04F79EFBC}") = "DataManagement", "DataManagement\DataManagement.csproj", "{30A59313-6B7F-434D-A791-C49848350282}"
EndProject
Project("{FAE04EC0-301F-11D3-BF4B-00C04F79EFBC}") = "AppSD", "AppSD\AppSD.csproj", "{63A0AD37-F609-41C0-88B0-E8FFE026A31C}"
EndProject
Project("{FAE04EC0-301F-11D3-BF4B-00C04F79EFBC}") = "AppServiceHost", "AppServiceHost\AppServiceHost.csproj", "{7A20E7F4-B7EB-4A21-9DE3-947B4B8F3668}"
EndProject
Project("{FAE04EC0-301F-11D3-BF4B-00C04F79EFBC}") = "Messaging", "Messaging\Messaging.csproj", "{FD067F89-0066-4B8E-A5CD-4D94415E6BDD}"
EndProject
Project("{2150E333-8FDC-42A3-9474-1A3956D46DE8}") = "Resources", "Resources", "{CC98571B-AE62-4C64-954A-D483422587F5}"
EndProject
Project("{2150E333-8FDC-42A3-9474-1A3956D46DE8}") = "Images", "Images", "{DF1E43EB-2BB6-44A8-896F-606D5A564C59}"
	ProjectSection(SolutionItems) = preProject
		..\..\..\..\Public\Pictures\Sample Pictures\test-Image.jpg = ..\..\..\..\Public\Pictures\Sample Pictures\test-Image.jpg
	EndProjectSection
EndProject
Project("{FAE04EC0-301F-11D3-BF4B-00C04F79EFBC}") = "SharedDataTypesWordpress", "SharedDataTypesWordpress\SharedDataTypesWordpress.csproj", "{DC788400-3AD4-46AF-8B44-ED0D660504F7}"
EndProject
Project("{FAE04EC0-301F-11D3-BF4B-00C04F79EFBC}") = "SharedDataTypes", "SharedDataTypes\SharedDataTypes.csproj", "{FA03A1B3-B0FD-45DA-A08A-76ED7D25DB97}"
EndProject
Project("{FAE04EC0-301F-11D3-BF4B-00C04F79EFBC}") = "WPDataRepo", "WPDataRepo\WPDataRepo.csproj", "{1CBF47DA-3A35-4E6F-8FBF-053C8BA97017}"
EndProject
Project("{FAE04EC0-301F-11D3-BF4B-00C04F79EFBC}") = "ConsoleApp1", "ConsoleApp1\ConsoleApp1.csproj", "{D32E22B3-F973-4750-AD7D-EA80D6008949}"
EndProject
Global
	GlobalSection(SolutionConfigurationPlatforms) = preSolution
		Debug|Any CPU = Debug|Any CPU
		Release|Any CPU = Release|Any CPU
	EndGlobalSection
	GlobalSection(ProjectConfigurationPlatforms) = postSolution
		{5A5A7CBA-B579-43CC-84F4-455A6B1F601E}.Debug|Any CPU.ActiveCfg = Debug|Any CPU
		{5A5A7CBA-B579-43CC-84F4-455A6B1F601E}.Debug|Any CPU.Build.0 = Debug|Any CPU
		{5A5A7CBA-B579-43CC-84F4-455A6B1F601E}.Release|Any CPU.ActiveCfg = Release|Any CPU
		{5A5A7CBA-B579-43CC-84F4-455A6B1F601E}.Release|Any CPU.Build.0 = Release|Any CPU
		{0BB85766-FED4-49EB-9F17-9B86DE93BDB4}.Debug|Any CPU.ActiveCfg = Debug|Any CPU
		{0BB85766-FED4-49EB-9F17-9B86DE93BDB4}.Debug|Any CPU.Build.0 = Debug|Any CPU
		{0BB85766-FED4-49EB-9F17-9B86DE93BDB4}.Release|Any CPU.ActiveCfg = Release|Any CPU
		{0BB85766-FED4-49EB-9F17-9B86DE93BDB4}.Release|Any CPU.Build.0 = Release|Any CPU
		{30A59313-6B7F-434D-A791-C49848350282}.Debug|Any CPU.ActiveCfg = Debug|Any CPU
		{30A59313-6B7F-434D-A791-C49848350282}.Debug|Any CPU.Build.0 = Debug|Any CPU
		{30A59313-6B7F-434D-A791-C49848350282}.Release|Any CPU.ActiveCfg = Release|Any CPU
		{30A59313-6B7F-434D-A791-C49848350282}.Release|Any CPU.Build.0 = Release|Any CPU
		{63A0AD37-F609-41C0-88B0-E8FFE026A31C}.Debug|Any CPU.ActiveCfg = Debug|Any CPU
		{63A0AD37-F609-41C0-88B0-E8FFE026A31C}.Debug|Any CPU.Build.0 = Debug|Any CPU
		{63A0AD37-F609-41C0-88B0-E8FFE026A31C}.Release|Any CPU.ActiveCfg = Release|Any CPU
		{63A0AD37-F609-41C0-88B0-E8FFE026A31C}.Release|Any CPU.Build.0 = Release|Any CPU
		{7A20E7F4-B7EB-4A21-9DE3-947B4B8F3668}.Debug|Any CPU.ActiveCfg = Debug|Any CPU
		{7A20E7F4-B7EB-4A21-9DE3-947B4B8F3668}.Debug|Any CPU.Build.0 = Debug|Any CPU
		{7A20E7F4-B7EB-4A21-9DE3-947B4B8F3668}.Release|Any CPU.ActiveCfg = Release|Any CPU
		{7A20E7F4-B7EB-4A21-9DE3-947B4B8F3668}.Release|Any CPU.Build.0 = Release|Any CPU
		{FD067F89-0066-4B8E-A5CD-4D94415E6BDD}.Debug|Any CPU.ActiveCfg = Debug|Any CPU
		{FD067F89-0066-4B8E-A5CD-4D94415E6BDD}.Debug|Any CPU.Build.0 = Debug|Any CPU
		{FD067F89-0066-4B8E-A5CD-4D94415E6BDD}.Release|Any CPU.ActiveCfg = Release|Any CPU
		{FD067F89-0066-4B8E-A5CD-4D94415E6BDD}.Release|Any CPU.Build.0 = Release|Any CPU
		{DC788400-3AD4-46AF-8B44-ED0D660504F7}.Debug|Any CPU.ActiveCfg = Debug|Any CPU
		{DC788400-3AD4-46AF-8B44-ED0D660504F7}.Debug|Any CPU.Build.0 = Debug|Any CPU
		{DC788400-3AD4-46AF-8B44-ED0D660504F7}.Release|Any CPU.ActiveCfg = Release|Any CPU
		{DC788400-3AD4-46AF-8B44-ED0D660504F7}.Release|Any CPU.Build.0 = Release|Any CPU
		{FA03A1B3-B0FD-45DA-A08A-76ED7D25DB97}.Debug|Any CPU.ActiveCfg = Debug|Any CPU
		{FA03A1B3-B0FD-45DA-A08A-76ED7D25DB97}.Debug|Any CPU.Build.0 = Debug|Any CPU
		{FA03A1B3-B0FD-45DA-A08A-76ED7D25DB97}.Release|Any CPU.ActiveCfg = Release|Any CPU
		{FA03A1B3-B0FD-45DA-A08A-76ED7D25DB97}.Release|Any CPU.Build.0 = Release|Any CPU
		{1CBF47DA-3A35-4E6F-8FBF-053C8BA97017}.Debug|Any CPU.ActiveCfg = Debug|Any CPU
		{1CBF47DA-3A35-4E6F-8FBF-053C8BA97017}.Debug|Any CPU.Build.0 = Debug|Any CPU
		{1CBF47DA-3A35-4E6F-8FBF-053C8BA97017}.Release|Any CPU.ActiveCfg = Release|Any CPU
		{1CBF47DA-3A35-4E6F-8FBF-053C8BA97017}.Release|Any CPU.Build.0 = Release|Any CPU
		{D32E22B3-F973-4750-AD7D-EA80D6008949}.Debug|Any CPU.ActiveCfg = Debug|Any CPU
		{D32E22B3-F973-4750-AD7D-EA80D6008949}.Debug|Any CPU.Build.0 = Debug|Any CPU
		{D32E22B3-F973-4750-AD7D-EA80D6008949}.Release|Any CPU.ActiveCfg = Release|Any CPU
		{D32E22B3-F973-4750-AD7D-EA80D6008949}.Release|Any CPU.Build.0 = Release|Any CPU
	EndGlobalSection
	GlobalSection(SolutionProperties) = preSolution
		HideSolutionNode = FALSE
	EndGlobalSection
	GlobalSection(NestedProjects) = preSolution
		{5A5A7CBA-B579-43CC-84F4-455A6B1F601E} = {BB947047-C1C6-404E-AD26-452C26D57501}
		{0BB85766-FED4-49EB-9F17-9B86DE93BDB4} = {87B03CCA-5AD8-4E2B-98A0-E6F5DA8F7047}
		{30A59313-6B7F-434D-A791-C49848350282} = {556545EC-C7A0-4793-96DD-368287DC9142}
		{63A0AD37-F609-41C0-88B0-E8FFE026A31C} = {B4530BA5-3EFB-48F6-B764-822EED7DA11D}
		{7A20E7F4-B7EB-4A21-9DE3-947B4B8F3668} = {B4530BA5-3EFB-48F6-B764-822EED7DA11D}
		{FD067F89-0066-4B8E-A5CD-4D94415E6BDD} = {B4530BA5-3EFB-48F6-B764-822EED7DA11D}
		{DF1E43EB-2BB6-44A8-896F-606D5A564C59} = {CC98571B-AE62-4C64-954A-D483422587F5}
		{DC788400-3AD4-46AF-8B44-ED0D660504F7} = {87B03CCA-5AD8-4E2B-98A0-E6F5DA8F7047}
		{FA03A1B3-B0FD-45DA-A08A-76ED7D25DB97} = {87B03CCA-5AD8-4E2B-98A0-E6F5DA8F7047}
		{1CBF47DA-3A35-4E6F-8FBF-053C8BA97017} = {556545EC-C7A0-4793-96DD-368287DC9142}
		{D32E22B3-F973-4750-AD7D-EA80D6008949} = {556545EC-C7A0-4793-96DD-368287DC9142}
	EndGlobalSection
	GlobalSection(ExtensibilityGlobals) = postSolution
		SolutionGuid = {255AC289-5077-4B4E-8104-8EEFAFFF981B}
	EndGlobalSection
EndGlobal
